
Microsoft Visual Studio Solution File, Format Version 12.00
# Visual Studio 15
VisualStudioVersion = 15.0.26730.10
MinimumVisualStudioVersion = 10.0.40219.1
Project("{FAE04EC0-301F-11D3-BF4B-00C04F79EFBC}") = "Scalider.Data.Abstractions", "src\Scalider.Data.Abstractions\Scalider.Data.Abstractions.csproj", "{DB61FC13-8017-4292-8541-DAD0C64F29A9}"
EndProject
Project("{FAE04EC0-301F-11D3-BF4B-00C04F79EFBC}") = "Scalider.Data.EntityFramework", "src\Scalider.Data.EntityFramework\Scalider.Data.EntityFramework.csproj", "{5AE06EA7-B8B1-41DD-B913-89D47DD0E5B2}"
EndProject
Project("{FAE04EC0-301F-11D3-BF4B-00C04F79EFBC}") = "Scalider.Common", "src\Scalider.Common\Scalider.Common.csproj", "{6E060F0E-CBD9-4C23-B2B2-1940C05818F5}"
EndProject
Project("{FAE04EC0-301F-11D3-BF4B-00C04F79EFBC}") = "Scalider.Password.Abstractions", "src\Scalider.Password.Abstractions\Scalider.Password.Abstractions.csproj", "{E6C126B6-6A8E-4A12-BE20-469D78AEE318}"
EndProject
Project("{FAE04EC0-301F-11D3-BF4B-00C04F79EFBC}") = "Scalider.Password.BCrypt", "src\Scalider.Password.BCrypt\Scalider.Password.BCrypt.csproj", "{CACC22A5-F7D0-4E90-8B64-FD3C139E7425}"
EndProject
Global
	GlobalSection(SolutionConfigurationPlatforms) = preSolution
		Debug|Any CPU = Debug|Any CPU
		Release|Any CPU = Release|Any CPU
	EndGlobalSection
	GlobalSection(ProjectConfigurationPlatforms) = postSolution
		{DB61FC13-8017-4292-8541-DAD0C64F29A9}.Debug|Any CPU.ActiveCfg = Debug|Any CPU
		{DB61FC13-8017-4292-8541-DAD0C64F29A9}.Debug|Any CPU.Build.0 = Debug|Any CPU
		{DB61FC13-8017-4292-8541-DAD0C64F29A9}.Release|Any CPU.ActiveCfg = Release|Any CPU
		{DB61FC13-8017-4292-8541-DAD0C64F29A9}.Release|Any CPU.Build.0 = Release|Any CPU
		{5AE06EA7-B8B1-41DD-B913-89D47DD0E5B2}.Debug|Any CPU.ActiveCfg = Debug|Any CPU
		{5AE06EA7-B8B1-41DD-B913-89D47DD0E5B2}.Debug|Any CPU.Build.0 = Debug|Any CPU
		{5AE06EA7-B8B1-41DD-B913-89D47DD0E5B2}.Release|Any CPU.ActiveCfg = Release|Any CPU
		{5AE06EA7-B8B1-41DD-B913-89D47DD0E5B2}.Release|Any CPU.Build.0 = Release|Any CPU
		{6E060F0E-CBD9-4C23-B2B2-1940C05818F5}.Debug|Any CPU.ActiveCfg = Debug|Any CPU
		{6E060F0E-CBD9-4C23-B2B2-1940C05818F5}.Debug|Any CPU.Build.0 = Debug|Any CPU
		{6E060F0E-CBD9-4C23-B2B2-1940C05818F5}.Release|Any CPU.ActiveCfg = Release|Any CPU
		{6E060F0E-CBD9-4C23-B2B2-1940C05818F5}.Release|Any CPU.Build.0 = Release|Any CPU
		{E6C126B6-6A8E-4A12-BE20-469D78AEE318}.Debug|Any CPU.ActiveCfg = Debug|Any CPU
		{E6C126B6-6A8E-4A12-BE20-469D78AEE318}.Debug|Any CPU.Build.0 = Debug|Any CPU
		{E6C126B6-6A8E-4A12-BE20-469D78AEE318}.Release|Any CPU.ActiveCfg = Release|Any CPU
		{E6C126B6-6A8E-4A12-BE20-469D78AEE318}.Release|Any CPU.Build.0 = Release|Any CPU
		{CACC22A5-F7D0-4E90-8B64-FD3C139E7425}.Debug|Any CPU.ActiveCfg = Debug|Any CPU
		{CACC22A5-F7D0-4E90-8B64-FD3C139E7425}.Debug|Any CPU.Build.0 = Debug|Any CPU
		{CACC22A5-F7D0-4E90-8B64-FD3C139E7425}.Release|Any CPU.ActiveCfg = Release|Any CPU
		{CACC22A5-F7D0-4E90-8B64-FD3C139E7425}.Release|Any CPU.Build.0 = Release|Any CPU
	EndGlobalSection
	GlobalSection(SolutionProperties) = preSolution
		HideSolutionNode = FALSE
	EndGlobalSection
	GlobalSection(NestedProjects) = preSolution
	EndGlobalSection
	GlobalSection(ExtensibilityGlobals) = postSolution
		SolutionGuid = {F4B223D4-16BF-4D43-A92B-142C9DD5CE76}
	EndGlobalSection
EndGlobal
